PODS:
  - Flutter (1.0.0)
  - path_provider (0.0.1):
    - Flutter
  - shared_preferences (0.0.1):
    - Flutter
  - video_player (0.0.1):
    - Flutter

DEPENDENCIES:
  - Flutter (from `.symlinks/flutter/ios`)
  - path_provider (from `.symlinks/plugins/path_provider/ios`)
  - shared_preferences (from `.symlinks/plugins/shared_preferences/ios`)
  - video_player (from `.symlinks/plugins/video_player/ios`)

EXTERNAL SOURCES:
  Flutter:
    :path: ".symlinks/flutter/ios"
  path_provider:
    :path: ".symlinks/plugins/path_provider/ios"
  shared_preferences:
    :path: ".symlinks/plugins/shared_preferences/ios"
  video_player:
    :path: ".symlinks/plugins/video_player/ios"

SPEC CHECKSUMS:
  Flutter: 9d0fac939486c9aba2809b7982dfdbb47a7b0296
  path_provider: 09407919825bfe3c2deae39453b7a5b44f467873
  shared_preferences: 5a1d487c427ee18fcd3ea1f2a131569481834b53
  video_player: 906796a841943c8d370ac7c13b18039aa9b56498

PODFILE CHECKSUM: 7765ea4305eaab0b3dfd384c7de11902aa3195fd

COCOAPODS: 1.5.2
